
Microsoft Visual Studio Solution File, Format Version 12.00
# Visual Studio 14
VisualStudioVersion = 14.0.23107.0
MinimumVisualStudioVersion = 10.0.40219.1
Project("{FAE04EC0-301F-11D3-BF4B-00C04F79EFBC}") = "AdventureWorks", "AdventureWorks\AdventureWorks.csproj", "{8B45CBD1-D4DD-4594-8824-6EF0FB549F43}"
EndProject
Project("{00D1A9C2-B5F0-4AF3-8072-F6C62B433612}") = "SystemMonitoring", "SystemMonitoring\SystemMonitoring.sqlproj", "{559D9279-2EF5-4CED-87B2-717833C7F9FD}"
EndProject
Project("{FAE04EC0-301F-11D3-BF4B-00C04F79EFBC}") = "SystemMonitor", "SystemMonitor\SystemMonitor.csproj", "{43AEED45-E7F7-481E-BD5D-E1EDF48075F1}"
EndProject
Project("{FAE04EC0-301F-11D3-BF4B-00C04F79EFBC}") = "SystemMonitor.Models", "SystemMonitor.Models\SystemMonitor.Models.csproj", "{9F0A83B4-4A1F-4B45-85D0-E701D2740157}"
EndProject
Global
	GlobalSection(SolutionConfigurationPlatforms) = preSolution
		Debug|Any CPU = Debug|Any CPU
		Release|Any CPU = Release|Any CPU
	EndGlobalSection
	GlobalSection(ProjectConfigurationPlatforms) = postSolution
		{8B45CBD1-D4DD-4594-8824-6EF0FB549F43}.Debug|Any CPU.ActiveCfg = Debug|Any CPU
		{8B45CBD1-D4DD-4594-8824-6EF0FB549F43}.Debug|Any CPU.Build.0 = Debug|Any CPU
		{8B45CBD1-D4DD-4594-8824-6EF0FB549F43}.Release|Any CPU.ActiveCfg = Release|Any CPU
		{8B45CBD1-D4DD-4594-8824-6EF0FB549F43}.Release|Any CPU.Build.0 = Release|Any CPU
		{559D9279-2EF5-4CED-87B2-717833C7F9FD}.Debug|Any CPU.ActiveCfg = Debug|Any CPU
		{559D9279-2EF5-4CED-87B2-717833C7F9FD}.Debug|Any CPU.Build.0 = Debug|Any CPU
		{559D9279-2EF5-4CED-87B2-717833C7F9FD}.Debug|Any CPU.Deploy.0 = Debug|Any CPU
		{559D9279-2EF5-4CED-87B2-717833C7F9FD}.Release|Any CPU.ActiveCfg = Release|Any CPU
		{559D9279-2EF5-4CED-87B2-717833C7F9FD}.Release|Any CPU.Build.0 = Release|Any CPU
		{559D9279-2EF5-4CED-87B2-717833C7F9FD}.Release|Any CPU.Deploy.0 = Release|Any CPU
		{43AEED45-E7F7-481E-BD5D-E1EDF48075F1}.Debug|Any CPU.ActiveCfg = Debug|Any CPU
		{43AEED45-E7F7-481E-BD5D-E1EDF48075F1}.Debug|Any CPU.Build.0 = Debug|Any CPU
		{43AEED45-E7F7-481E-BD5D-E1EDF48075F1}.Release|Any CPU.ActiveCfg = Release|Any CPU
		{43AEED45-E7F7-481E-BD5D-E1EDF48075F1}.Release|Any CPU.Build.0 = Release|Any CPU
		{9F0A83B4-4A1F-4B45-85D0-E701D2740157}.Debug|Any CPU.ActiveCfg = Debug|Any CPU
		{9F0A83B4-4A1F-4B45-85D0-E701D2740157}.Debug|Any CPU.Build.0 = Debug|Any CPU
		{9F0A83B4-4A1F-4B45-85D0-E701D2740157}.Release|Any CPU.ActiveCfg = Release|Any CPU
		{9F0A83B4-4A1F-4B45-85D0-E701D2740157}.Release|Any CPU.Build.0 = Release|Any CPU
	EndGlobalSection
	GlobalSection(SolutionProperties) = preSolution
		HideSolutionNode = FALSE
	EndGlobalSection
EndGlobal
