
Microsoft Visual Studio Solution File, Format Version 12.00
# Visual Studio 15
VisualStudioVersion = 15.0.25618.0
MinimumVisualStudioVersion = 10.0.40219.1
Project("{FAE04EC0-301F-11D3-BF4B-00C04F79EFBC}") = "ExampleApp", "ExampleApp\ExampleApp.csproj", "{83087C55-F4C6-4A8B-93D9-72DFE51AF710}"
EndProject
Project("{F2A71F9B-5D33-465A-A702-920D77279786}") = "OtherLanguageAssembly", "OtherLanguageAssembly\OtherLanguageAssembly.fsproj", "{182640F5-92C7-4A0C-9F71-849F6D92B1A1}"
EndProject
Project("{FAE04EC0-301F-11D3-BF4B-00C04F79EFBC}") = "OutExamples", "OutExamples\OutExamples.csproj", "{D51443D9-C554-4496-ABAD-F1A32AC24D73}"
EndProject
Global
	GlobalSection(SolutionConfigurationPlatforms) = preSolution
		Debug|Any CPU = Debug|Any CPU
		Release|Any CPU = Release|Any CPU
	EndGlobalSection
	GlobalSection(ProjectConfigurationPlatforms) = postSolution
		{83087C55-F4C6-4A8B-93D9-72DFE51AF710}.Debug|Any CPU.ActiveCfg = Debug|Any CPU
		{83087C55-F4C6-4A8B-93D9-72DFE51AF710}.Debug|Any CPU.Build.0 = Debug|Any CPU
		{83087C55-F4C6-4A8B-93D9-72DFE51AF710}.Release|Any CPU.ActiveCfg = Release|Any CPU
		{83087C55-F4C6-4A8B-93D9-72DFE51AF710}.Release|Any CPU.Build.0 = Release|Any CPU
		{182640F5-92C7-4A0C-9F71-849F6D92B1A1}.Debug|Any CPU.ActiveCfg = Debug|Any CPU
		{182640F5-92C7-4A0C-9F71-849F6D92B1A1}.Debug|Any CPU.Build.0 = Debug|Any CPU
		{182640F5-92C7-4A0C-9F71-849F6D92B1A1}.Release|Any CPU.ActiveCfg = Release|Any CPU
		{182640F5-92C7-4A0C-9F71-849F6D92B1A1}.Release|Any CPU.Build.0 = Release|Any CPU
		{D51443D9-C554-4496-ABAD-F1A32AC24D73}.Debug|Any CPU.ActiveCfg = Debug|Any CPU
		{D51443D9-C554-4496-ABAD-F1A32AC24D73}.Debug|Any CPU.Build.0 = Debug|Any CPU
		{D51443D9-C554-4496-ABAD-F1A32AC24D73}.Release|Any CPU.ActiveCfg = Release|Any CPU
		{D51443D9-C554-4496-ABAD-F1A32AC24D73}.Release|Any CPU.Build.0 = Release|Any CPU
	EndGlobalSection
	GlobalSection(SolutionProperties) = preSolution
		HideSolutionNode = FALSE
	EndGlobalSection
EndGlobal
