
Microsoft Visual Studio Solution File, Format Version 12.00
# Visual Studio 14
VisualStudioVersion = 14.0.23107.0
MinimumVisualStudioVersion = 10.0.40219.1
Project("{00D1A9C2-B5F0-4AF3-8072-F6C62B433612}") = "Database1", "Database1\Database1.sqlproj", "{11BB0C8C-15F0-4388-BAC3-55C106975BE1}"
EndProject
Global
	GlobalSection(SolutionConfigurationPlatforms) = preSolution
		Debug|Any CPU = Debug|Any CPU
		Release|Any CPU = Release|Any CPU
	EndGlobalSection
	GlobalSection(ProjectConfigurationPlatforms) = postSolution
		{11BB0C8C-15F0-4388-BAC3-55C106975BE1}.Debug|Any CPU.ActiveCfg = Debug|Any CPU
		{11BB0C8C-15F0-4388-BAC3-55C106975BE1}.Debug|Any CPU.Build.0 = Debug|Any CPU
		{11BB0C8C-15F0-4388-BAC3-55C106975BE1}.Debug|Any CPU.Deploy.0 = Debug|Any CPU
		{11BB0C8C-15F0-4388-BAC3-55C106975BE1}.Release|Any CPU.ActiveCfg = Release|Any CPU
		{11BB0C8C-15F0-4388-BAC3-55C106975BE1}.Release|Any CPU.Build.0 = Release|Any CPU
		{11BB0C8C-15F0-4388-BAC3-55C106975BE1}.Release|Any CPU.Deploy.0 = Release|Any CPU
	EndGlobalSection
	GlobalSection(SolutionProperties) = preSolution
		HideSolutionNode = FALSE
	EndGlobalSection
EndGlobal
