
Microsoft Visual Studio Solution File, Format Version 12.00
# Visual Studio 2013
VisualStudioVersion = 12.0.31101.0
MinimumVisualStudioVersion = 10.0.40219.1
Project("{FAE04EC0-301F-11D3-BF4B-00C04F79EFBC}") = "NewAndOverrideClasses", "NewAndOverrideClasses\NewAndOverrideClasses.csproj", "{A6734583-7E2E-48AA-846C-B3350A8567E2}"
EndProject
Project("{FAE04EC0-301F-11D3-BF4B-00C04F79EFBC}") = "ImplementationExamptes", "ImplementationExamptes\ImplementationExamptes.csproj", "{5244ECBF-7412-49BE-90A4-5DB6B7AC8300}"
EndProject
Global
	GlobalSection(SolutionConfigurationPlatforms) = preSolution
		Debug|Any CPU = Debug|Any CPU
		Release|Any CPU = Release|Any CPU
	EndGlobalSection
	GlobalSection(ProjectConfigurationPlatforms) = postSolution
		{A6734583-7E2E-48AA-846C-B3350A8567E2}.Debug|Any CPU.ActiveCfg = Debug|Any CPU
		{A6734583-7E2E-48AA-846C-B3350A8567E2}.Debug|Any CPU.Build.0 = Debug|Any CPU
		{A6734583-7E2E-48AA-846C-B3350A8567E2}.Release|Any CPU.ActiveCfg = Release|Any CPU
		{A6734583-7E2E-48AA-846C-B3350A8567E2}.Release|Any CPU.Build.0 = Release|Any CPU
		{5244ECBF-7412-49BE-90A4-5DB6B7AC8300}.Debug|Any CPU.ActiveCfg = Debug|Any CPU
		{5244ECBF-7412-49BE-90A4-5DB6B7AC8300}.Debug|Any CPU.Build.0 = Debug|Any CPU
		{5244ECBF-7412-49BE-90A4-5DB6B7AC8300}.Release|Any CPU.ActiveCfg = Release|Any CPU
		{5244ECBF-7412-49BE-90A4-5DB6B7AC8300}.Release|Any CPU.Build.0 = Release|Any CPU
	EndGlobalSection
	GlobalSection(SolutionProperties) = preSolution
		HideSolutionNode = FALSE
	EndGlobalSection
EndGlobal
