
Microsoft Visual Studio Solution File, Format Version 12.00
# Visual Studio 2013
VisualStudioVersion = 12.0.30324.0
MinimumVisualStudioVersion = 10.0.40219.1
Project("{FAE04EC0-301F-11D3-BF4B-00C04F79EFBC}") = "UnitTestProject1", "UnitTestProject1.csproj", "{622F703F-588B-4D9B-BC66-5E97E4539F5C}"
EndProject
Project("{FAE04EC0-301F-11D3-BF4B-00C04F79EFBC}") = "StaticClassTest", "..\..\StaticClasses\StaticClassTest\StaticClassTest.csproj", "{C2267554-8EA7-4312-A515-6DEB08845C72}"
EndProject
Global
	GlobalSection(SolutionConfigurationPlatforms) = preSolution
		Debug|Any CPU = Debug|Any CPU
		Release|Any CPU = Release|Any CPU
	EndGlobalSection
	GlobalSection(ProjectConfigurationPlatforms) = postSolution
		{622F703F-588B-4D9B-BC66-5E97E4539F5C}.Debug|Any CPU.ActiveCfg = Debug|Any CPU
		{622F703F-588B-4D9B-BC66-5E97E4539F5C}.Debug|Any CPU.Build.0 = Debug|Any CPU
		{622F703F-588B-4D9B-BC66-5E97E4539F5C}.Release|Any CPU.ActiveCfg = Release|Any CPU
		{622F703F-588B-4D9B-BC66-5E97E4539F5C}.Release|Any CPU.Build.0 = Release|Any CPU
		{C2267554-8EA7-4312-A515-6DEB08845C72}.Debug|Any CPU.ActiveCfg = Debug|Any CPU
		{C2267554-8EA7-4312-A515-6DEB08845C72}.Debug|Any CPU.Build.0 = Debug|Any CPU
		{C2267554-8EA7-4312-A515-6DEB08845C72}.Release|Any CPU.ActiveCfg = Release|Any CPU
		{C2267554-8EA7-4312-A515-6DEB08845C72}.Release|Any CPU.Build.0 = Release|Any CPU
	EndGlobalSection
	GlobalSection(SolutionProperties) = preSolution
		HideSolutionNode = FALSE
	EndGlobalSection
EndGlobal
